
Microsoft Visual Studio Solution File, Format Version 12.00
# Visual Studio Version 16
VisualStudioVersion = 25.0.1706.8
MinimumVisualStudioVersion = 10.0.40219.1
Project("{FAE04EC0-301F-11D3-BF4B-00C04F79EFBC}") = "OperatorOverloadingEx3", "OperatorOverloadingEx3\OperatorOverloadingEx3.csproj", "{57318F6F-5034-42BE-95E4-96CE9493CF2B}"
EndProject
Global
	GlobalSection(SolutionConfigurationPlatforms) = preSolution
		Debug|Any CPU = Debug|Any CPU
		Release|Any CPU = Release|Any CPU
	EndGlobalSection
	GlobalSection(ProjectConfigurationPlatforms) = postSolution
		{57318F6F-5034-42BE-95E4-96CE9493CF2B}.Debug|Any CPU.ActiveCfg = Debug|Any CPU
		{57318F6F-5034-42BE-95E4-96CE9493CF2B}.Debug|Any CPU.Build.0 = Debug|Any CPU
		{57318F6F-5034-42BE-95E4-96CE9493CF2B}.Release|Any CPU.ActiveCfg = Release|Any CPU
		{57318F6F-5034-42BE-95E4-96CE9493CF2B}.Release|Any CPU.Build.0 = Release|Any CPU
	EndGlobalSection
	GlobalSection(SolutionProperties) = preSolution
		HideSolutionNode = FALSE
	EndGlobalSection
	GlobalSection(ExtensibilityGlobals) = postSolution
		SolutionGuid = {D2224708-876B-41AB-8E93-70510A29CCD4}
	EndGlobalSection
EndGlobal
